
Microsoft Visual Studio Solution File, Format Version 12.00
# Visual Studio Version 16
VisualStudioVersion = 16.0.30114.105
MinimumVisualStudioVersion = 10.0.40219.1
Project("{FAE04EC0-301F-11D3-BF4B-00C04F79EFBC}") = "hello-world-nuget-priv", "hello-world-nuget-priv\hello-world-nuget-priv.csproj", "{EF847636-1B03-408A-870B-AC2497B6C657}"
EndProject
Global
	GlobalSection(SolutionConfigurationPlatforms) = preSolution
		Debug|Any CPU = Debug|Any CPU
		Debug|x64 = Debug|x64
		Debug|x86 = Debug|x86
		Release|Any CPU = Release|Any CPU
		Release|x64 = Release|x64
		Release|x86 = Release|x86
	EndGlobalSection
	GlobalSection(ProjectConfigurationPlatforms) = postSolution
		{EF847636-1B03-408A-870B-AC2497B6C657}.Debug|Any CPU.ActiveCfg = Debug|Any CPU
		{EF847636-1B03-408A-870B-AC2497B6C657}.Debug|Any CPU.Build.0 = Debug|Any CPU
		{EF847636-1B03-408A-870B-AC2497B6C657}.Debug|x64.ActiveCfg = Debug|Any CPU
		{EF847636-1B03-408A-870B-AC2497B6C657}.Debug|x64.Build.0 = Debug|Any CPU
		{EF847636-1B03-408A-870B-AC2497B6C657}.Debug|x86.ActiveCfg = Debug|Any CPU
		{EF847636-1B03-408A-870B-AC2497B6C657}.Debug|x86.Build.0 = Debug|Any CPU
		{EF847636-1B03-408A-870B-AC2497B6C657}.Release|Any CPU.ActiveCfg = Release|Any CPU
		{EF847636-1B03-408A-870B-AC2497B6C657}.Release|Any CPU.Build.0 = Release|Any CPU
		{EF847636-1B03-408A-870B-AC2497B6C657}.Release|x64.ActiveCfg = Release|Any CPU
		{EF847636-1B03-408A-870B-AC2497B6C657}.Release|x64.Build.0 = Release|Any CPU
		{EF847636-1B03-408A-870B-AC2497B6C657}.Release|x86.ActiveCfg = Release|Any CPU
		{EF847636-1B03-408A-870B-AC2497B6C657}.Release|x86.Build.0 = Release|Any CPU
	EndGlobalSection
	GlobalSection(SolutionProperties) = preSolution
		HideSolutionNode = FALSE
	EndGlobalSection
	GlobalSection(ExtensibilityGlobals) = postSolution
		SolutionGuid = {343B6462-01AB-49F2-9B0F-8DD6679C022E}
	EndGlobalSection
EndGlobal
